<?xml version="1.0" encoding="utf-8"?>
<Project ToolsVersion="4.0" xmlns="http://schemas.microsoft.com/developer/msbuild/2003">
  <ItemGroup>
    <Filter Include="소스 파일">
      <UniqueIdentifier>{4FC737F1-C7A5-4376-A066-2A32D752A2FF}</UniqueIdentifier>
      <Extensions>cpp;c;cc;cxx;c++;cppm;ixx;def;odl;idl;hpj;bat;asm;asmx</Extensions>
    </Filter>
    <Filter Include="헤더 파일">
      <UniqueIdentifier>{93995380-89BD-4b04-88EB-625FBE52EBFB}</UniqueIdentifier>
      <Extensions>h;hh;hpp;hxx;h++;hm;inl;inc;ipp;xsd</Extensions>
    </Filter>
    <Filter Include="리소스 파일">
      <UniqueIdentifier>{67DA6AB6-F800-4c08-8B7A-83BB121AAD01}</UniqueIdentifier>
      <Extensions>rc;ico;cur;bmp;dlg;rc2;rct;bin;rgs;gif;jpg;jpeg;jpe;resx;tiff;tif;png;wav;mfcribbon-ms</Extensions>
    </Filter>
    <Filter Include="소스 파일\Class2">
      <UniqueIdentifier>{c73290b2-f75a-4ef6-9cc0-38540cc043a1}</UniqueIdentifier>
    </Filter>
    <Filter Include="소스 파일\Class3">
      <UniqueIdentifier>{3afdfb71-3198-41ab-ad07-197d3b5a6854}</UniqueIdentifier>
    </Filter>
    <Filter Include="소스 파일\Kakao Enterprise">
      <UniqueIdentifier>{ab4b714f-3f44-4ee1-b6d6-de1cc2b7d02a}</UniqueIdentifier>
    </Filter>
    <Filter Include="소스 파일\Algorithms">
      <UniqueIdentifier>{84d22d00-15da-42c0-888c-9f291b369910}</UniqueIdentifier>
    </Filter>
  </ItemGroup>
  <ItemGroup>
    <ClCompile Include="유기농배추.cpp">
      <Filter>소스 파일</Filter>
    </ClCompile>
    <ClCompile Include="Virus.cpp">
      <Filter>소스 파일</Filter>
    </ClCompile>
    <ClCompile Include="단어 정렬.cpp">
      <Filter>소스 파일\Class2</Filter>
    </ClCompile>
    <ClCompile Include="수 찾기.cpp">
      <Filter>소스 파일\Class2</Filter>
    </ClCompile>
    <ClCompile Include="괄호.cpp">
      <Filter>소스 파일\Class2</Filter>
    </ClCompile>
    <ClCompile Include="나이순정렬.cpp">
      <Filter>소스 파일\Class2</Filter>
    </ClCompile>
    <ClCompile Include="숫자 카드2.cpp">
      <Filter>소스 파일\Class2</Filter>
    </ClCompile>
    <ClCompile Include="1로 만들기.cpp">
      <Filter>소스 파일\Class2</Filter>
    </ClCompile>
    <ClCompile Include="유기농 배추.cpp">
      <Filter>소스 파일\Class3</Filter>
    </ClCompile>
    <ClCompile Include="최대 힙.cpp">
      <Filter>소스 파일\Class3</Filter>
    </ClCompile>
    <ClCompile Include="숫자 문자열과 영단어.cpp">
      <Filter>소스 파일\Class3</Filter>
    </ClCompile>
    <ClCompile Include="거리두기 확인하기.cpp">
      <Filter>소스 파일\Class3</Filter>
    </ClCompile>
    <ClCompile Include="토마토.cpp">
      <Filter>소스 파일\Class3</Filter>
    </ClCompile>
    <ClCompile Include="계단 오르기.cpp">
      <Filter>소스 파일\Class3</Filter>
    </ClCompile>
    <ClCompile Include="듣보잡.cpp">
      <Filter>소스 파일\Class3</Filter>
    </ClCompile>
    <ClCompile Include="미로 탐색.cpp">
      <Filter>소스 파일\Class3</Filter>
    </ClCompile>
    <ClCompile Include="숨바꼭질.cpp">
      <Filter>소스 파일\Class3</Filter>
    </ClCompile>
    <ClCompile Include="좌표 압축.cpp">
      <Filter>소스 파일\Class3</Filter>
    </ClCompile>
    <ClCompile Include="로또의 최고순위와 최저순위.cpp">
      <Filter>소스 파일\Class3</Filter>
    </ClCompile>
    <ClCompile Include="개인정보 수집 유효기간.cpp">
      <Filter>소스 파일\Class3</Filter>
    </ClCompile>
    <ClCompile Include="성격 유형 검사하기.cpp">
      <Filter>소스 파일\Class3</Filter>
    </ClCompile>
    <ClCompile Include="신고 결과 받기.cpp">
      <Filter>소스 파일\Class3</Filter>
    </ClCompile>
    <ClCompile Include="신규 아이디 추천.cpp">
      <Filter>소스 파일\Class3</Filter>
    </ClCompile>
    <ClCompile Include="순열.cpp">
      <Filter>소스 파일\Algorithms</Filter>
    </ClCompile>
    <ClCompile Include="자주 나오는 DP.cpp">
      <Filter>소스 파일\Algorithms</Filter>
    </ClCompile>
    <ClCompile Include="Graph DFS.cpp">
      <Filter>소스 파일\Algorithms</Filter>
    </ClCompile>
    <ClCompile Include="행렬.cpp">
      <Filter>소스 파일\Algorithms</Filter>
    </ClCompile>
    <ClCompile Include="조합.cpp">
      <Filter>소스 파일\Algorithms</Filter>
    </ClCompile>
    <ClCompile Include="Floyd Warshall.cpp">
      <Filter>소스 파일\Algorithms</Filter>
    </ClCompile>
  </ItemGroup>
</Project>