Microsoft Visual Studio Solution File, Format Version 12.00
# Visual Studio Version 16
VisualStudioVersion = 16.0.31605.320
MinimumVisualStudioVersion = 10.0.40219.1
Project("{8BC9CEB8-8B4A-11D0-8D11-00A0C91BC942}") = "BOJ_Class2", "BOJ\BOJ.vcxproj", "{4BC31DD0-9885-47CE-8148-F8C68BA52E3F}"
EndProject
Project("{8BC9CEB8-8B4A-11D0-8D11-00A0C91BC942}") = "BOJ_Class3", "BOJ_Class3\BOJ_Class3.vcxproj", "{B0DB1683-9699-40DE-961D-69C7ECE9DD72}"
EndProject
Project("{8BC9CEB8-8B4A-11D0-8D11-00A0C91BC942}") = "BOJ_Class4", "BOJ_Class4\BOJ_Class4.vcxproj", "{3CA318DB-3601-4928-837F-C4E1B5AD4C37}"
EndProject
Project("{8BC9CEB8-8B4A-11D0-8D11-00A0C91BC942}") = "DataStructure", "DataStructure\DataStructure.vcxproj", "{EF647B9A-F2AA-4CC9-BD52-2D2163F31693}"
EndProject
Project("{8BC9CEB8-8B4A-11D0-8D11-00A0C91BC942}") = "SAMSUNG Intern Prepare", "SAMSUNG Intern Prepare\SAMSUNG Intern Prepare.vcxproj", "{96A6B6D5-E229-4E39-B976-932C71C0D2E9}"
EndProject
Project("{8BC9CEB8-8B4A-11D0-8D11-00A0C91BC942}") = "LineInternPrepare", "LineInternPrepare\LineInternPrepare.vcxproj", "{E474240D-D624-4B2B-A037-081A8844AB33}"
EndProject
Project("{8BC9CEB8-8B4A-11D0-8D11-00A0C91BC942}") = "SKTX", "SKTX\SKTX.vcxproj", "{B82CE61D-E5D9-4E6B-8128-C26C29FF2AA0}"
EndProject
Project("{8BC9CEB8-8B4A-11D0-8D11-00A0C91BC942}") = "For Coding Test", "For Coding Test\For Coding Test.vcxproj", "{5146A5DD-0FA3-483F-9EC0-FF555959273F}"
EndProject
Project("{8BC9CEB8-8B4A-11D0-8D11-00A0C91BC942}") = "SDS 알고리즘 특강", "SDS 알고리즘 특강\SDS 알고리즘 특강.vcxproj", "{CF39D2AE-4BC6-464E-B721-553173455E39}"
EndProject
Global
	GlobalSection(SolutionConfigurationPlatforms) = preSolution
		Debug|x64 = Debug|x64
		Debug|x86 = Debug|x86
		Release|x64 = Release|x64
		Release|x86 = Release|x86
	EndGlobalSection
	GlobalSection(ProjectConfigurationPlatforms) = postSolution
		{4BC31DD0-9885-47CE-8148-F8C68BA52E3F}.Debug|x64.ActiveCfg = Debug|x64
		{4BC31DD0-9885-47CE-8148-F8C68BA52E3F}.Debug|x64.Build.0 = Debug|x64
		{4BC31DD0-9885-47CE-8148-F8C68BA52E3F}.Debug|x86.ActiveCfg = Debug|Win32
		{4BC31DD0-9885-47CE-8148-F8C68BA52E3F}.Debug|x86.Build.0 = Debug|Win32
		{4BC31DD0-9885-47CE-8148-F8C68BA52E3F}.Release|x64.ActiveCfg = Release|x64
		{4BC31DD0-9885-47CE-8148-F8C68BA52E3F}.Release|x64.Build.0 = Release|x64
		{4BC31DD0-9885-47CE-8148-F8C68BA52E3F}.Release|x86.ActiveCfg = Release|Win32
		{4BC31DD0-9885-47CE-8148-F8C68BA52E3F}.Release|x86.Build.0 = Release|Win32
		{B0DB1683-9699-40DE-961D-69C7ECE9DD72}.Debug|x64.ActiveCfg = Debug|x64
		{B0DB1683-9699-40DE-961D-69C7ECE9DD72}.Debug|x64.Build.0 = Debug|x64
		{B0DB1683-9699-40DE-961D-69C7ECE9DD72}.Debug|x86.ActiveCfg = Debug|Win32
		{B0DB1683-9699-40DE-961D-69C7ECE9DD72}.Debug|x86.Build.0 = Debug|Win32
		{B0DB1683-9699-40DE-961D-69C7ECE9DD72}.Release|x64.ActiveCfg = Release|x64
		{B0DB1683-9699-40DE-961D-69C7ECE9DD72}.Release|x64.Build.0 = Release|x64
		{B0DB1683-9699-40DE-961D-69C7ECE9DD72}.Release|x86.ActiveCfg = Release|Win32
		{B0DB1683-9699-40DE-961D-69C7ECE9DD72}.Release|x86.Build.0 = Release|Win32
		{3CA318DB-3601-4928-837F-C4E1B5AD4C37}.Debug|x64.ActiveCfg = Debug|x64
		{3CA318DB-3601-4928-837F-C4E1B5AD4C37}.Debug|x64.Build.0 = Debug|x64
		{3CA318DB-3601-4928-837F-C4E1B5AD4C37}.Debug|x86.ActiveCfg = Debug|Win32
		{3CA318DB-3601-4928-837F-C4E1B5AD4C37}.Debug|x86.Build.0 = Debug|Win32
		{3CA318DB-3601-4928-837F-C4E1B5AD4C37}.Release|x64.ActiveCfg = Release|x64
		{3CA318DB-3601-4928-837F-C4E1B5AD4C37}.Release|x64.Build.0 = Release|x64
		{3CA318DB-3601-4928-837F-C4E1B5AD4C37}.Release|x86.ActiveCfg = Release|Win32
		{3CA318DB-3601-4928-837F-C4E1B5AD4C37}.Release|x86.Build.0 = Release|Win32
		{EF647B9A-F2AA-4CC9-BD52-2D2163F31693}.Debug|x64.ActiveCfg = Debug|x64
		{EF647B9A-F2AA-4CC9-BD52-2D2163F31693}.Debug|x64.Build.0 = Debug|x64
		{EF647B9A-F2AA-4CC9-BD52-2D2163F31693}.Debug|x86.ActiveCfg = Debug|Win32
		{EF647B9A-F2AA-4CC9-BD52-2D2163F31693}.Debug|x86.Build.0 = Debug|Win32
		{EF647B9A-F2AA-4CC9-BD52-2D2163F31693}.Release|x64.ActiveCfg = Release|x64
		{EF647B9A-F2AA-4CC9-BD52-2D2163F31693}.Release|x64.Build.0 = Release|x64
		{EF647B9A-F2AA-4CC9-BD52-2D2163F31693}.Release|x86.ActiveCfg = Release|Win32
		{EF647B9A-F2AA-4CC9-BD52-2D2163F31693}.Release|x86.Build.0 = Release|Win32
		{96A6B6D5-E229-4E39-B976-932C71C0D2E9}.Debug|x64.ActiveCfg = Debug|x64
		{96A6B6D5-E229-4E39-B976-932C71C0D2E9}.Debug|x64.Build.0 = Debug|x64
		{96A6B6D5-E229-4E39-B976-932C71C0D2E9}.Debug|x86.ActiveCfg = Debug|Win32
		{96A6B6D5-E229-4E39-B976-932C71C0D2E9}.Debug|x86.Build.0 = Debug|Win32
		{96A6B6D5-E229-4E39-B976-932C71C0D2E9}.Release|x64.ActiveCfg = Release|x64
		{96A6B6D5-E229-4E39-B976-932C71C0D2E9}.Release|x64.Build.0 = Release|x64
		{96A6B6D5-E229-4E39-B976-932C71C0D2E9}.Release|x86.ActiveCfg = Release|Win32
		{96A6B6D5-E229-4E39-B976-932C71C0D2E9}.Release|x86.Build.0 = Release|Win32
		{E474240D-D624-4B2B-A037-081A8844AB33}.Debug|x64.ActiveCfg = Debug|x64
		{E474240D-D624-4B2B-A037-081A8844AB33}.Debug|x64.Build.0 = Debug|x64
		{E474240D-D624-4B2B-A037-081A8844AB33}.Debug|x86.ActiveCfg = Debug|Win32
		{E474240D-D624-4B2B-A037-081A8844AB33}.Debug|x86.Build.0 = Debug|Win32
		{E474240D-D624-4B2B-A037-081A8844AB33}.Release|x64.ActiveCfg = Release|x64
		{E474240D-D624-4B2B-A037-081A8844AB33}.Release|x64.Build.0 = Release|x64
		{E474240D-D624-4B2B-A037-081A8844AB33}.Release|x86.ActiveCfg = Release|Win32
		{E474240D-D624-4B2B-A037-081A8844AB33}.Release|x86.Build.0 = Release|Win32
		{B82CE61D-E5D9-4E6B-8128-C26C29FF2AA0}.Debug|x64.ActiveCfg = Debug|x64
		{B82CE61D-E5D9-4E6B-8128-C26C29FF2AA0}.Debug|x64.Build.0 = Debug|x64
		{B82CE61D-E5D9-4E6B-8128-C26C29FF2AA0}.Debug|x86.ActiveCfg = Debug|Win32
		{B82CE61D-E5D9-4E6B-8128-C26C29FF2AA0}.Debug|x86.Build.0 = Debug|Win32
		{B82CE61D-E5D9-4E6B-8128-C26C29FF2AA0}.Release|x64.ActiveCfg = Release|x64
		{B82CE61D-E5D9-4E6B-8128-C26C29FF2AA0}.Release|x64.Build.0 = Release|x64
		{B82CE61D-E5D9-4E6B-8128-C26C29FF2AA0}.Release|x86.ActiveCfg = Release|Win32
		{B82CE61D-E5D9-4E6B-8128-C26C29FF2AA0}.Release|x86.Build.0 = Release|Win32
		{5146A5DD-0FA3-483F-9EC0-FF555959273F}.Debug|x64.ActiveCfg = Debug|x64
		{5146A5DD-0FA3-483F-9EC0-FF555959273F}.Debug|x64.Build.0 = Debug|x64
		{5146A5DD-0FA3-483F-9EC0-FF555959273F}.Debug|x86.ActiveCfg = Debug|Win32
		{5146A5DD-0FA3-483F-9EC0-FF555959273F}.Debug|x86.Build.0 = Debug|Win32
		{5146A5DD-0FA3-483F-9EC0-FF555959273F}.Release|x64.ActiveCfg = Release|x64
		{5146A5DD-0FA3-483F-9EC0-FF555959273F}.Release|x64.Build.0 = Release|x64
		{5146A5DD-0FA3-483F-9EC0-FF555959273F}.Release|x86.ActiveCfg = Release|Win32
		{5146A5DD-0FA3-483F-9EC0-FF555959273F}.Release|x86.Build.0 = Release|Win32
		{CF39D2AE-4BC6-464E-B721-553173455E39}.Debug|x64.ActiveCfg = Debug|x64
		{CF39D2AE-4BC6-464E-B721-553173455E39}.Debug|x64.Build.0 = Debug|x64
		{CF39D2AE-4BC6-464E-B721-553173455E39}.Debug|x86.ActiveCfg = Debug|Win32
		{CF39D2AE-4BC6-464E-B721-553173455E39}.Debug|x86.Build.0 = Debug|Win32
		{CF39D2AE-4BC6-464E-B721-553173455E39}.Release|x64.ActiveCfg = Release|x64
		{CF39D2AE-4BC6-464E-B721-553173455E39}.Release|x64.Build.0 = Release|x64
		{CF39D2AE-4BC6-464E-B721-553173455E39}.Release|x86.ActiveCfg = Release|Win32
		{CF39D2AE-4BC6-464E-B721-553173455E39}.Release|x86.Build.0 = Release|Win32
	EndGlobalSection
	GlobalSection(SolutionProperties) = preSolution
		HideSolutionNode = FALSE
	EndGlobalSection
	GlobalSection(ExtensibilityGlobals) = postSolution
		SolutionGuid = {BA335DC0-DC92-4939-97D4-73CE2301D4EF}
	EndGlobalSection
EndGlobal
